
Microsoft Visual Studio Solution File, Format Version 12.00
# Visual Studio Version 17
VisualStudioVersion = 17.2.32630.192
MinimumVisualStudioVersion = 10.0.40219.1
Project("{9A19103F-16F7-4668-BE54-9A1E7A4F7556}") = "Watermelon_4A", "Watermelon_4A\Watermelon_4A.csproj", "{10248388-BAAC-44F6-B5A0-B08EB3F76C3F}"
EndProject
Project("{9A19103F-16F7-4668-BE54-9A1E7A4F7556}") = "Way_too_long_words_71A", "Way_too_long_words_71A\Way_too_long_words_71A.csproj", "{EF2B23B3-715D-4DB0-A09E-22EBFE3D9650}"
EndProject
Project("{9A19103F-16F7-4668-BE54-9A1E7A4F7556}") = "Team_231A", "Team_231A\Team_231A.csproj", "{DCE126BC-1008-4432-8366-1149CDA538F6}"
EndProject
Project("{9A19103F-16F7-4668-BE54-9A1E7A4F7556}") = "TheatreSquare_1A", "TheatreSquare_1A\TheatreSquare_1A.csproj", "{21A19991-2410-48B7-A243-605FD0E9EA41}"
EndProject
Project("{9A19103F-16F7-4668-BE54-9A1E7A4F7556}") = "NextRound_158A", "NextRound_158A\NextRound_158A.csproj", "{C512B454-AA09-4CE8-9B43-50B9F5D19106}"
EndProject
Project("{9A19103F-16F7-4668-BE54-9A1E7A4F7556}") = "Domino_piling_50A", "Domino_piling_50A\Domino_piling_50A.csproj", "{1B7A2E86-A4DA-47FC-A212-4E9048DBC58E}"
EndProject
Project("{9A19103F-16F7-4668-BE54-9A1E7A4F7556}") = "Bit_plus_plus_282A", "Bit_plus_plus_282A\Bit_plus_plus_282A.csproj", "{8C9BE9D3-F10F-45B9-A4F2-28E99DE7407C}"
EndProject
Project("{FAE04EC0-301F-11D3-BF4B-00C04F79EFBC}") = "Petya_and_strings_112A", "Petya_and_strings_112A\Petya_and_strings_112A.csproj", "{B6A4EBF1-11DC-43E6-98A9-7E4C50411ED9}"
EndProject
Project("{FAE04EC0-301F-11D3-BF4B-00C04F79EFBC}") = "Helpful_Maths_339A", "Helpful_Maths_339A\Helpful_Maths_339A.csproj", "{FC365C37-A977-4439-9A5B-66386F19691A}"
EndProject
Project("{FAE04EC0-301F-11D3-BF4B-00C04F79EFBC}") = "String_Task_118A", "String_Task_118A\String_Task_118A.csproj", "{F2045221-1788-4F50-B813-A3CDF8B8B761}"
EndProject
Project("{FAE04EC0-301F-11D3-BF4B-00C04F79EFBC}") = "Word_capitalization_281A", "Word_capitalization_281A\Word_capitalization_281A.csproj", "{5FE09695-20EF-4E11-9876-DFCE61991E1F}"
EndProject
Project("{FAE04EC0-301F-11D3-BF4B-00C04F79EFBC}") = "Boys_or_girls_236A", "Boys_or_girls_236A\Boys_or_girls_236A.csproj", "{E891B150-EC93-42A9-889B-5B73866BC083}"
EndProject
Project("{FAE04EC0-301F-11D3-BF4B-00C04F79EFBC}") = "Stones_on_the_table_266A", "Stones_on_the_table_266A\Stones_on_the_table_266A.csproj", "{A4970C44-7D3E-4C3C-BB4B-8833DB05588D}"
EndProject
Project("{FAE04EC0-301F-11D3-BF4B-00C04F79EFBC}") = "Bear_and_big_brother_791A", "Bear_and_big_brother_791A\Bear_and_big_brother_791A.csproj", "{F45DD2A9-1350-4AA9-8C41-6DA1FDEF0BC2}"
EndProject
Project("{FAE04EC0-301F-11D3-BF4B-00C04F79EFBC}") = "Soldiers_and_bananas_546A", "Soldiers_and_bananas_546A\Soldiers_and_bananas_546A.csproj", "{FA8FD539-9497-4214-BD66-ACFC2341B349}"
EndProject
Project("{FAE04EC0-301F-11D3-BF4B-00C04F79EFBC}") = "Football_96A", "Football_96A\Football_96A.csproj", "{C031D8C9-C4CA-4C7C-832C-EF1892EFD4E9}"
EndProject
Project("{FAE04EC0-301F-11D3-BF4B-00C04F79EFBC}") = "Elephant_617A", "Elephant_617A\Elephant_617A.csproj", "{A3B5FA8D-B62E-40D6-84BE-F188B373A2C2}"
EndProject
Project("{FAE04EC0-301F-11D3-BF4B-00C04F79EFBC}") = "Word_59A", "Word_59A\Word_59A.csproj", "{EF53A140-FF4F-439F-A3ED-ADC2E74D2FCB}"
EndProject
Project("{FAE04EC0-301F-11D3-BF4B-00C04F79EFBC}") = "Wrong_Subtraction_977A", "Wrong_Subtraction_977A\Wrong_Subtraction_977A.csproj", "{E6CE934A-4EF9-4379-8D44-7686C3B11951}"
EndProject
Project("{FAE04EC0-301F-11D3-BF4B-00C04F79EFBC}") = "Nearly_Lucky_Number_110A", "Nearly_Lucky_Number_110A\Nearly_Lucky_Number_110A.csproj", "{ECB4239E-ECF2-458A-AFD0-719C392350CA}"
EndProject
Global
	GlobalSection(SolutionConfigurationPlatforms) = preSolution
		Debug|Any CPU = Debug|Any CPU
		Release|Any CPU = Release|Any CPU
	EndGlobalSection
	GlobalSection(ProjectConfigurationPlatforms) = postSolution
		{10248388-BAAC-44F6-B5A0-B08EB3F76C3F}.Debug|Any CPU.ActiveCfg = Debug|Any CPU
		{10248388-BAAC-44F6-B5A0-B08EB3F76C3F}.Debug|Any CPU.Build.0 = Debug|Any CPU
		{10248388-BAAC-44F6-B5A0-B08EB3F76C3F}.Release|Any CPU.ActiveCfg = Release|Any CPU
		{10248388-BAAC-44F6-B5A0-B08EB3F76C3F}.Release|Any CPU.Build.0 = Release|Any CPU
		{EF2B23B3-715D-4DB0-A09E-22EBFE3D9650}.Debug|Any CPU.ActiveCfg = Debug|Any CPU
		{EF2B23B3-715D-4DB0-A09E-22EBFE3D9650}.Debug|Any CPU.Build.0 = Debug|Any CPU
		{EF2B23B3-715D-4DB0-A09E-22EBFE3D9650}.Release|Any CPU.ActiveCfg = Release|Any CPU
		{EF2B23B3-715D-4DB0-A09E-22EBFE3D9650}.Release|Any CPU.Build.0 = Release|Any CPU
		{DCE126BC-1008-4432-8366-1149CDA538F6}.Debug|Any CPU.ActiveCfg = Debug|Any CPU
		{DCE126BC-1008-4432-8366-1149CDA538F6}.Debug|Any CPU.Build.0 = Debug|Any CPU
		{DCE126BC-1008-4432-8366-1149CDA538F6}.Release|Any CPU.ActiveCfg = Release|Any CPU
		{DCE126BC-1008-4432-8366-1149CDA538F6}.Release|Any CPU.Build.0 = Release|Any CPU
		{21A19991-2410-48B7-A243-605FD0E9EA41}.Debug|Any CPU.ActiveCfg = Debug|Any CPU
		{21A19991-2410-48B7-A243-605FD0E9EA41}.Debug|Any CPU.Build.0 = Debug|Any CPU
		{21A19991-2410-48B7-A243-605FD0E9EA41}.Release|Any CPU.ActiveCfg = Release|Any CPU
		{21A19991-2410-48B7-A243-605FD0E9EA41}.Release|Any CPU.Build.0 = Release|Any CPU
		{C512B454-AA09-4CE8-9B43-50B9F5D19106}.Debug|Any CPU.ActiveCfg = Debug|Any CPU
		{C512B454-AA09-4CE8-9B43-50B9F5D19106}.Debug|Any CPU.Build.0 = Debug|Any CPU
		{C512B454-AA09-4CE8-9B43-50B9F5D19106}.Release|Any CPU.ActiveCfg = Release|Any CPU
		{C512B454-AA09-4CE8-9B43-50B9F5D19106}.Release|Any CPU.Build.0 = Release|Any CPU
		{1B7A2E86-A4DA-47FC-A212-4E9048DBC58E}.Debug|Any CPU.ActiveCfg = Debug|Any CPU
		{1B7A2E86-A4DA-47FC-A212-4E9048DBC58E}.Debug|Any CPU.Build.0 = Debug|Any CPU
		{1B7A2E86-A4DA-47FC-A212-4E9048DBC58E}.Release|Any CPU.ActiveCfg = Release|Any CPU
		{1B7A2E86-A4DA-47FC-A212-4E9048DBC58E}.Release|Any CPU.Build.0 = Release|Any CPU
		{8C9BE9D3-F10F-45B9-A4F2-28E99DE7407C}.Debug|Any CPU.ActiveCfg = Debug|Any CPU
		{8C9BE9D3-F10F-45B9-A4F2-28E99DE7407C}.Debug|Any CPU.Build.0 = Debug|Any CPU
		{8C9BE9D3-F10F-45B9-A4F2-28E99DE7407C}.Release|Any CPU.ActiveCfg = Release|Any CPU
		{8C9BE9D3-F10F-45B9-A4F2-28E99DE7407C}.Release|Any CPU.Build.0 = Release|Any CPU
		{B6A4EBF1-11DC-43E6-98A9-7E4C50411ED9}.Debug|Any CPU.ActiveCfg = Debug|Any CPU
		{B6A4EBF1-11DC-43E6-98A9-7E4C50411ED9}.Debug|Any CPU.Build.0 = Debug|Any CPU
		{B6A4EBF1-11DC-43E6-98A9-7E4C50411ED9}.Release|Any CPU.ActiveCfg = Release|Any CPU
		{B6A4EBF1-11DC-43E6-98A9-7E4C50411ED9}.Release|Any CPU.Build.0 = Release|Any CPU
		{FC365C37-A977-4439-9A5B-66386F19691A}.Debug|Any CPU.ActiveCfg = Debug|Any CPU
		{FC365C37-A977-4439-9A5B-66386F19691A}.Debug|Any CPU.Build.0 = Debug|Any CPU
		{FC365C37-A977-4439-9A5B-66386F19691A}.Release|Any CPU.ActiveCfg = Release|Any CPU
		{FC365C37-A977-4439-9A5B-66386F19691A}.Release|Any CPU.Build.0 = Release|Any CPU
		{F2045221-1788-4F50-B813-A3CDF8B8B761}.Debug|Any CPU.ActiveCfg = Debug|Any CPU
		{F2045221-1788-4F50-B813-A3CDF8B8B761}.Debug|Any CPU.Build.0 = Debug|Any CPU
		{F2045221-1788-4F50-B813-A3CDF8B8B761}.Release|Any CPU.ActiveCfg = Release|Any CPU
		{F2045221-1788-4F50-B813-A3CDF8B8B761}.Release|Any CPU.Build.0 = Release|Any CPU
		{5FE09695-20EF-4E11-9876-DFCE61991E1F}.Debug|Any CPU.ActiveCfg = Debug|Any CPU
		{5FE09695-20EF-4E11-9876-DFCE61991E1F}.Debug|Any CPU.Build.0 = Debug|Any CPU
		{5FE09695-20EF-4E11-9876-DFCE61991E1F}.Release|Any CPU.ActiveCfg = Release|Any CPU
		{5FE09695-20EF-4E11-9876-DFCE61991E1F}.Release|Any CPU.Build.0 = Release|Any CPU
		{E891B150-EC93-42A9-889B-5B73866BC083}.Debug|Any CPU.ActiveCfg = Debug|Any CPU
		{E891B150-EC93-42A9-889B-5B73866BC083}.Debug|Any CPU.Build.0 = Debug|Any CPU
		{E891B150-EC93-42A9-889B-5B73866BC083}.Release|Any CPU.ActiveCfg = Release|Any CPU
		{E891B150-EC93-42A9-889B-5B73866BC083}.Release|Any CPU.Build.0 = Release|Any CPU
		{A4970C44-7D3E-4C3C-BB4B-8833DB05588D}.Debug|Any CPU.ActiveCfg = Debug|Any CPU
		{A4970C44-7D3E-4C3C-BB4B-8833DB05588D}.Debug|Any CPU.Build.0 = Debug|Any CPU
		{A4970C44-7D3E-4C3C-BB4B-8833DB05588D}.Release|Any CPU.ActiveCfg = Release|Any CPU
		{A4970C44-7D3E-4C3C-BB4B-8833DB05588D}.Release|Any CPU.Build.0 = Release|Any CPU
		{F45DD2A9-1350-4AA9-8C41-6DA1FDEF0BC2}.Debug|Any CPU.ActiveCfg = Debug|Any CPU
		{F45DD2A9-1350-4AA9-8C41-6DA1FDEF0BC2}.Debug|Any CPU.Build.0 = Debug|Any CPU
		{F45DD2A9-1350-4AA9-8C41-6DA1FDEF0BC2}.Release|Any CPU.ActiveCfg = Release|Any CPU
		{F45DD2A9-1350-4AA9-8C41-6DA1FDEF0BC2}.Release|Any CPU.Build.0 = Release|Any CPU
		{FA8FD539-9497-4214-BD66-ACFC2341B349}.Debug|Any CPU.ActiveCfg = Debug|Any CPU
		{FA8FD539-9497-4214-BD66-ACFC2341B349}.Debug|Any CPU.Build.0 = Debug|Any CPU
		{FA8FD539-9497-4214-BD66-ACFC2341B349}.Release|Any CPU.ActiveCfg = Release|Any CPU
		{FA8FD539-9497-4214-BD66-ACFC2341B349}.Release|Any CPU.Build.0 = Release|Any CPU
		{C031D8C9-C4CA-4C7C-832C-EF1892EFD4E9}.Debug|Any CPU.ActiveCfg = Debug|Any CPU
		{C031D8C9-C4CA-4C7C-832C-EF1892EFD4E9}.Debug|Any CPU.Build.0 = Debug|Any CPU
		{C031D8C9-C4CA-4C7C-832C-EF1892EFD4E9}.Release|Any CPU.ActiveCfg = Release|Any CPU
		{C031D8C9-C4CA-4C7C-832C-EF1892EFD4E9}.Release|Any CPU.Build.0 = Release|Any CPU
		{A3B5FA8D-B62E-40D6-84BE-F188B373A2C2}.Debug|Any CPU.ActiveCfg = Debug|Any CPU
		{A3B5FA8D-B62E-40D6-84BE-F188B373A2C2}.Debug|Any CPU.Build.0 = Debug|Any CPU
		{A3B5FA8D-B62E-40D6-84BE-F188B373A2C2}.Release|Any CPU.ActiveCfg = Release|Any CPU
		{A3B5FA8D-B62E-40D6-84BE-F188B373A2C2}.Release|Any CPU.Build.0 = Release|Any CPU
		{EF53A140-FF4F-439F-A3ED-ADC2E74D2FCB}.Debug|Any CPU.ActiveCfg = Debug|Any CPU
		{EF53A140-FF4F-439F-A3ED-ADC2E74D2FCB}.Debug|Any CPU.Build.0 = Debug|Any CPU
		{EF53A140-FF4F-439F-A3ED-ADC2E74D2FCB}.Release|Any CPU.ActiveCfg = Release|Any CPU
		{EF53A140-FF4F-439F-A3ED-ADC2E74D2FCB}.Release|Any CPU.Build.0 = Release|Any CPU
		{E6CE934A-4EF9-4379-8D44-7686C3B11951}.Debug|Any CPU.ActiveCfg = Debug|Any CPU
		{E6CE934A-4EF9-4379-8D44-7686C3B11951}.Debug|Any CPU.Build.0 = Debug|Any CPU
		{E6CE934A-4EF9-4379-8D44-7686C3B11951}.Release|Any CPU.ActiveCfg = Release|Any CPU
		{E6CE934A-4EF9-4379-8D44-7686C3B11951}.Release|Any CPU.Build.0 = Release|Any CPU
		{ECB4239E-ECF2-458A-AFD0-719C392350CA}.Debug|Any CPU.ActiveCfg = Debug|Any CPU
		{ECB4239E-ECF2-458A-AFD0-719C392350CA}.Debug|Any CPU.Build.0 = Debug|Any CPU
		{ECB4239E-ECF2-458A-AFD0-719C392350CA}.Release|Any CPU.ActiveCfg = Release|Any CPU
		{ECB4239E-ECF2-458A-AFD0-719C392350CA}.Release|Any CPU.Build.0 = Release|Any CPU
	EndGlobalSection
	GlobalSection(SolutionProperties) = preSolution
		HideSolutionNode = FALSE
	EndGlobalSection
	GlobalSection(ExtensibilityGlobals) = postSolution
		SolutionGuid = {80FB1204-D4A9-42C3-B735-E116F1A8DBC9}
	EndGlobalSection
EndGlobal
