
Microsoft Visual Studio Solution File, Format Version 12.00
# Visual Studio Version 17
VisualStudioVersion = 17.2.32630.192
MinimumVisualStudioVersion = 10.0.40219.1
Project("{9A19103F-16F7-4668-BE54-9A1E7A4F7556}") = "Watermelon_4A", "Watermelon_4A\Watermelon_4A.csproj", "{10248388-BAAC-44F6-B5A0-B08EB3F76C3F}"
EndProject
Project("{9A19103F-16F7-4668-BE54-9A1E7A4F7556}") = "Way_too_long_words_71A", "Way_too_long_words_71A\Way_too_long_words_71A.csproj", "{EF2B23B3-715D-4DB0-A09E-22EBFE3D9650}"
EndProject
Project("{9A19103F-16F7-4668-BE54-9A1E7A4F7556}") = "Team_231A", "Team_231A\Team_231A.csproj", "{DCE126BC-1008-4432-8366-1149CDA538F6}"
EndProject
Project("{9A19103F-16F7-4668-BE54-9A1E7A4F7556}") = "TheatreSquare_1A", "TheatreSquare_1A\TheatreSquare_1A.csproj", "{21A19991-2410-48B7-A243-605FD0E9EA41}"
EndProject
Project("{9A19103F-16F7-4668-BE54-9A1E7A4F7556}") = "NextRound_158A", "NextRound_158A\NextRound_158A.csproj", "{C512B454-AA09-4CE8-9B43-50B9F5D19106}"
EndProject
Project("{9A19103F-16F7-4668-BE54-9A1E7A4F7556}") = "Domino_piling_50A", "Domino_piling_50A\Domino_piling_50A.csproj", "{1B7A2E86-A4DA-47FC-A212-4E9048DBC58E}"
EndProject
Project("{9A19103F-16F7-4668-BE54-9A1E7A4F7556}") = "Bit_plus_plus_282A", "Bit_plus_plus_282A\Bit_plus_plus_282A.csproj", "{8C9BE9D3-F10F-45B9-A4F2-28E99DE7407C}"
EndProject
Project("{9A19103F-16F7-4668-BE54-9A1E7A4F7556}") = "Petya_and_strings_112A", "Petya_and_strings_112A\Petya_and_strings_112A.csproj", "{B6A4EBF1-11DC-43E6-98A9-7E4C50411ED9}"
EndProject
Project("{9A19103F-16F7-4668-BE54-9A1E7A4F7556}") = "Helpful_Maths_339A", "Helpful_Maths_339A\Helpful_Maths_339A.csproj", "{FC365C37-A977-4439-9A5B-66386F19691A}"
EndProject
Project("{9A19103F-16F7-4668-BE54-9A1E7A4F7556}") = "String_Task_118A", "String_Task_118A\String_Task_118A.csproj", "{F2045221-1788-4F50-B813-A3CDF8B8B761}"
EndProject
Project("{9A19103F-16F7-4668-BE54-9A1E7A4F7556}") = "Word_capitalization_281A", "Word_capitalization_281A\Word_capitalization_281A.csproj", "{5FE09695-20EF-4E11-9876-DFCE61991E1F}"
EndProject
Project("{9A19103F-16F7-4668-BE54-9A1E7A4F7556}") = "Boys_or_girls_236A", "Boys_or_girls_236A\Boys_or_girls_236A.csproj", "{E891B150-EC93-42A9-889B-5B73866BC083}"
EndProject
Project("{9A19103F-16F7-4668-BE54-9A1E7A4F7556}") = "Stones_on_the_table_266A", "Stones_on_the_table_266A\Stones_on_the_table_266A.csproj", "{A4970C44-7D3E-4C3C-BB4B-8833DB05588D}"
EndProject
Project("{9A19103F-16F7-4668-BE54-9A1E7A4F7556}") = "Bear_and_big_brother_791A", "Bear_and_big_brother_791A\Bear_and_big_brother_791A.csproj", "{F45DD2A9-1350-4AA9-8C41-6DA1FDEF0BC2}"
EndProject
Project("{9A19103F-16F7-4668-BE54-9A1E7A4F7556}") = "Soldiers_and_bananas_546A", "Soldiers_and_bananas_546A\Soldiers_and_bananas_546A.csproj", "{FA8FD539-9497-4214-BD66-ACFC2341B349}"
EndProject
Project("{9A19103F-16F7-4668-BE54-9A1E7A4F7556}") = "Football_96A", "Football_96A\Football_96A.csproj", "{C031D8C9-C4CA-4C7C-832C-EF1892EFD4E9}"
EndProject
Project("{9A19103F-16F7-4668-BE54-9A1E7A4F7556}") = "Elephant_617A", "Elephant_617A\Elephant_617A.csproj", "{A3B5FA8D-B62E-40D6-84BE-F188B373A2C2}"
EndProject
Project("{9A19103F-16F7-4668-BE54-9A1E7A4F7556}") = "Word_59A", "Word_59A\Word_59A.csproj", "{EF53A140-FF4F-439F-A3ED-ADC2E74D2FCB}"
EndProject
Project("{9A19103F-16F7-4668-BE54-9A1E7A4F7556}") = "Wrong_Subtraction_977A", "Wrong_Subtraction_977A\Wrong_Subtraction_977A.csproj", "{E6CE934A-4EF9-4379-8D44-7686C3B11951}"
EndProject
Project("{9A19103F-16F7-4668-BE54-9A1E7A4F7556}") = "Nearly_Lucky_Number_110A", "Nearly_Lucky_Number_110A\Nearly_Lucky_Number_110A.csproj", "{ECB4239E-ECF2-458A-AFD0-719C392350CA}"
EndProject
Project("{9A19103F-16F7-4668-BE54-9A1E7A4F7556}") = "Tram_116A", "Tram_116A\Tram_116A.csproj", "{EEDE0CC7-F699-4386-A7BA-4D4A8BE19888}"
EndProject
Project("{9A19103F-16F7-4668-BE54-9A1E7A4F7556}") = "Anton_And_Danik_734A", "Anton_And_Danik_734A\Anton_And_Danik_734A.csproj", "{389EFD36-241C-4506-9222-24B15FBC5064}"
EndProject
Project("{9A19103F-16F7-4668-BE54-9A1E7A4F7556}") = "Translation_41A", "Translation_41A\Translation_41A.csproj", "{3A5AC17F-E184-4C18-880A-78553DAA780F}"
EndProject
Project("{9A19103F-16F7-4668-BE54-9A1E7A4F7556}") = "Chatroom_58A", "Chatroom_58A\Chatroom_58A.csproj", "{BDC2EACA-D2FC-4F20-BE67-67A2B9C9B0DE}"
EndProject
Project("{9A19103F-16F7-4668-BE54-9A1E7A4F7556}") = "Beautiful_year_271A", "Beautiful_year_271A\Beautiful_year_271A.csproj", "{EEE1F205-4CE8-49F4-B545-C527542F85A3}"
EndProject
Project("{9A19103F-16F7-4668-BE54-9A1E7A4F7556}") = "Vanya_and_Fence_677A", "Vanya_and_Fence_677A\Vanya_and_Fence_677A.csproj", "{035F2045-660A-4D0E-A0A9-CBBBBED295D9}"
EndProject
Project("{9A19103F-16F7-4668-BE54-9A1E7A4F7556}") = "Lucky_Division_122A", "Lucky_Division_122A\Lucky_Division_122A.csproj", "{A9D4ADFD-FA28-4C80-B143-31B0CE541FEF}"
EndProject
Project("{9A19103F-16F7-4668-BE54-9A1E7A4F7556}") = "George_and_Accommodation_467A", "George_and_Accommodation_467A\George_and_Accommodation_467A.csproj", "{A9251D07-95A0-435C-BBC5-5DFE91F2AA15}"
EndProject
Project("{9A19103F-16F7-4668-BE54-9A1E7A4F7556}") = "In_Search_of_an_Easy_Problem_1030A", "In_Search_of_an_Easy_Problem_1030A\In_Search_of_an_Easy_Problem_1030A.csproj", "{DE7B37A3-1D7F-4015-B23D-5D6AF7C6314E}"
EndProject
Project("{9A19103F-16F7-4668-BE54-9A1E7A4F7556}") = "HQ9+_133A", "HQ9+_133A\HQ9+_133A.csproj", "{583A5932-896E-4C0E-B9F1-9E261ADEF248}"
EndProject
Project("{9A19103F-16F7-4668-BE54-9A1E7A4F7556}") = "Even_Odds_318A", "Even_Odds_318A\Even_Odds_318A.csproj", "{F30151DE-1C60-4C73-98EF-7A977E6ED41B}"
EndProject
Project("{9A19103F-16F7-4668-BE54-9A1E7A4F7556}") = "Calculating_Function_486A", "Calculating_Function_486A\Calculating_Function_486A.csproj", "{51927619-AFF6-4325-9172-A3B6DB5B7569}"
EndProject
Project("{9A19103F-16F7-4668-BE54-9A1E7A4F7556}") = "Drinks_200B", "Drinks_200B\Drinks_200B.csproj", "{CCD36951-F0A6-46A3-A2AA-42E57C6F95A6}"
EndProject
Project("{9A19103F-16F7-4668-BE54-9A1E7A4F7556}") = "Ultra-Fast_Mathematician_61A", "Ultra-Fast_Mathematician_61A\Ultra-Fast_Mathematician_61A.csproj", "{E1016878-7BFF-45CB-AD77-94DEBFE27C1E}"
EndProject
Project("{9A19103F-16F7-4668-BE54-9A1E7A4F7556}") = "Hulk_705A", "Hulk_705A\Hulk_705A.csproj", "{5E829EE4-9677-4D2C-A890-4812FD9165D1}"
EndProject
Project("{9A19103F-16F7-4668-BE54-9A1E7A4F7556}") = "cAPS_lOCK_131A", "cAPS_lOCK_131A\cAPS_lOCK_131A.csproj", "{F3254751-ACD2-4124-9D3D-6DFBBAC780B2}"
EndProject
Project("{9A19103F-16F7-4668-BE54-9A1E7A4F7556}") = "Divisibility_Problem_1328A", "Divisibility_Problem_1328A\Divisibility_Problem_1328A.csproj", "{B1AF21A5-D547-4CD9-B8EF-F5FA92AAD425}"
EndProject
Project("{FAE04EC0-301F-11D3-BF4B-00C04F79EFBC}") = "I_love_username_155A", "I_love_username_155A\I_love_username_155A.csproj", "{192FEC52-08EB-4920-95EE-CD51FC106A0C}"
EndProject
Project("{FAE04EC0-301F-11D3-BF4B-00C04F79EFBC}") = "Mishka_and_Game_703A", "Mishka_and_Game_703A\Mishka_and_Game_703A.csproj", "{8A54FC84-D835-4081-AA59-0845CBBFE82D}"
EndProject
Global
	GlobalSection(SolutionConfigurationPlatforms) = preSolution
		Debug|Any CPU = Debug|Any CPU
		Release|Any CPU = Release|Any CPU
	EndGlobalSection
	GlobalSection(ProjectConfigurationPlatforms) = postSolution
		{10248388-BAAC-44F6-B5A0-B08EB3F76C3F}.Debug|Any CPU.ActiveCfg = Debug|Any CPU
		{10248388-BAAC-44F6-B5A0-B08EB3F76C3F}.Debug|Any CPU.Build.0 = Debug|Any CPU
		{10248388-BAAC-44F6-B5A0-B08EB3F76C3F}.Release|Any CPU.ActiveCfg = Release|Any CPU
		{10248388-BAAC-44F6-B5A0-B08EB3F76C3F}.Release|Any CPU.Build.0 = Release|Any CPU
		{EF2B23B3-715D-4DB0-A09E-22EBFE3D9650}.Debug|Any CPU.ActiveCfg = Debug|Any CPU
		{EF2B23B3-715D-4DB0-A09E-22EBFE3D9650}.Debug|Any CPU.Build.0 = Debug|Any CPU
		{EF2B23B3-715D-4DB0-A09E-22EBFE3D9650}.Release|Any CPU.ActiveCfg = Release|Any CPU
		{EF2B23B3-715D-4DB0-A09E-22EBFE3D9650}.Release|Any CPU.Build.0 = Release|Any CPU
		{DCE126BC-1008-4432-8366-1149CDA538F6}.Debug|Any CPU.ActiveCfg = Debug|Any CPU
		{DCE126BC-1008-4432-8366-1149CDA538F6}.Debug|Any CPU.Build.0 = Debug|Any CPU
		{DCE126BC-1008-4432-8366-1149CDA538F6}.Release|Any CPU.ActiveCfg = Release|Any CPU
		{DCE126BC-1008-4432-8366-1149CDA538F6}.Release|Any CPU.Build.0 = Release|Any CPU
		{21A19991-2410-48B7-A243-605FD0E9EA41}.Debug|Any CPU.ActiveCfg = Debug|Any CPU
		{21A19991-2410-48B7-A243-605FD0E9EA41}.Debug|Any CPU.Build.0 = Debug|Any CPU
		{21A19991-2410-48B7-A243-605FD0E9EA41}.Release|Any CPU.ActiveCfg = Release|Any CPU
		{21A19991-2410-48B7-A243-605FD0E9EA41}.Release|Any CPU.Build.0 = Release|Any CPU
		{C512B454-AA09-4CE8-9B43-50B9F5D19106}.Debug|Any CPU.ActiveCfg = Debug|Any CPU
		{C512B454-AA09-4CE8-9B43-50B9F5D19106}.Debug|Any CPU.Build.0 = Debug|Any CPU
		{C512B454-AA09-4CE8-9B43-50B9F5D19106}.Release|Any CPU.ActiveCfg = Release|Any CPU
		{C512B454-AA09-4CE8-9B43-50B9F5D19106}.Release|Any CPU.Build.0 = Release|Any CPU
		{1B7A2E86-A4DA-47FC-A212-4E9048DBC58E}.Debug|Any CPU.ActiveCfg = Debug|Any CPU
		{1B7A2E86-A4DA-47FC-A212-4E9048DBC58E}.Debug|Any CPU.Build.0 = Debug|Any CPU
		{1B7A2E86-A4DA-47FC-A212-4E9048DBC58E}.Release|Any CPU.ActiveCfg = Release|Any CPU
		{1B7A2E86-A4DA-47FC-A212-4E9048DBC58E}.Release|Any CPU.Build.0 = Release|Any CPU
		{8C9BE9D3-F10F-45B9-A4F2-28E99DE7407C}.Debug|Any CPU.ActiveCfg = Debug|Any CPU
		{8C9BE9D3-F10F-45B9-A4F2-28E99DE7407C}.Debug|Any CPU.Build.0 = Debug|Any CPU
		{8C9BE9D3-F10F-45B9-A4F2-28E99DE7407C}.Release|Any CPU.ActiveCfg = Release|Any CPU
		{8C9BE9D3-F10F-45B9-A4F2-28E99DE7407C}.Release|Any CPU.Build.0 = Release|Any CPU
		{B6A4EBF1-11DC-43E6-98A9-7E4C50411ED9}.Debug|Any CPU.ActiveCfg = Debug|Any CPU
		{B6A4EBF1-11DC-43E6-98A9-7E4C50411ED9}.Debug|Any CPU.Build.0 = Debug|Any CPU
		{B6A4EBF1-11DC-43E6-98A9-7E4C50411ED9}.Release|Any CPU.ActiveCfg = Release|Any CPU
		{B6A4EBF1-11DC-43E6-98A9-7E4C50411ED9}.Release|Any CPU.Build.0 = Release|Any CPU
		{FC365C37-A977-4439-9A5B-66386F19691A}.Debug|Any CPU.ActiveCfg = Debug|Any CPU
		{FC365C37-A977-4439-9A5B-66386F19691A}.Debug|Any CPU.Build.0 = Debug|Any CPU
		{FC365C37-A977-4439-9A5B-66386F19691A}.Release|Any CPU.ActiveCfg = Release|Any CPU
		{FC365C37-A977-4439-9A5B-66386F19691A}.Release|Any CPU.Build.0 = Release|Any CPU
		{F2045221-1788-4F50-B813-A3CDF8B8B761}.Debug|Any CPU.ActiveCfg = Debug|Any CPU
		{F2045221-1788-4F50-B813-A3CDF8B8B761}.Debug|Any CPU.Build.0 = Debug|Any CPU
		{F2045221-1788-4F50-B813-A3CDF8B8B761}.Release|Any CPU.ActiveCfg = Release|Any CPU
		{F2045221-1788-4F50-B813-A3CDF8B8B761}.Release|Any CPU.Build.0 = Release|Any CPU
		{5FE09695-20EF-4E11-9876-DFCE61991E1F}.Debug|Any CPU.ActiveCfg = Debug|Any CPU
		{5FE09695-20EF-4E11-9876-DFCE61991E1F}.Debug|Any CPU.Build.0 = Debug|Any CPU
		{5FE09695-20EF-4E11-9876-DFCE61991E1F}.Release|Any CPU.ActiveCfg = Release|Any CPU
		{5FE09695-20EF-4E11-9876-DFCE61991E1F}.Release|Any CPU.Build.0 = Release|Any CPU
		{E891B150-EC93-42A9-889B-5B73866BC083}.Debug|Any CPU.ActiveCfg = Debug|Any CPU
		{E891B150-EC93-42A9-889B-5B73866BC083}.Debug|Any CPU.Build.0 = Debug|Any CPU
		{E891B150-EC93-42A9-889B-5B73866BC083}.Release|Any CPU.ActiveCfg = Release|Any CPU
		{E891B150-EC93-42A9-889B-5B73866BC083}.Release|Any CPU.Build.0 = Release|Any CPU
		{A4970C44-7D3E-4C3C-BB4B-8833DB05588D}.Debug|Any CPU.ActiveCfg = Debug|Any CPU
		{A4970C44-7D3E-4C3C-BB4B-8833DB05588D}.Debug|Any CPU.Build.0 = Debug|Any CPU
		{A4970C44-7D3E-4C3C-BB4B-8833DB05588D}.Release|Any CPU.ActiveCfg = Release|Any CPU
		{A4970C44-7D3E-4C3C-BB4B-8833DB05588D}.Release|Any CPU.Build.0 = Release|Any CPU
		{F45DD2A9-1350-4AA9-8C41-6DA1FDEF0BC2}.Debug|Any CPU.ActiveCfg = Debug|Any CPU
		{F45DD2A9-1350-4AA9-8C41-6DA1FDEF0BC2}.Debug|Any CPU.Build.0 = Debug|Any CPU
		{F45DD2A9-1350-4AA9-8C41-6DA1FDEF0BC2}.Release|Any CPU.ActiveCfg = Release|Any CPU
		{F45DD2A9-1350-4AA9-8C41-6DA1FDEF0BC2}.Release|Any CPU.Build.0 = Release|Any CPU
		{FA8FD539-9497-4214-BD66-ACFC2341B349}.Debug|Any CPU.ActiveCfg = Debug|Any CPU
		{FA8FD539-9497-4214-BD66-ACFC2341B349}.Debug|Any CPU.Build.0 = Debug|Any CPU
		{FA8FD539-9497-4214-BD66-ACFC2341B349}.Release|Any CPU.ActiveCfg = Release|Any CPU
		{FA8FD539-9497-4214-BD66-ACFC2341B349}.Release|Any CPU.Build.0 = Release|Any CPU
		{C031D8C9-C4CA-4C7C-832C-EF1892EFD4E9}.Debug|Any CPU.ActiveCfg = Debug|Any CPU
		{C031D8C9-C4CA-4C7C-832C-EF1892EFD4E9}.Debug|Any CPU.Build.0 = Debug|Any CPU
		{C031D8C9-C4CA-4C7C-832C-EF1892EFD4E9}.Release|Any CPU.ActiveCfg = Release|Any CPU
		{C031D8C9-C4CA-4C7C-832C-EF1892EFD4E9}.Release|Any CPU.Build.0 = Release|Any CPU
		{A3B5FA8D-B62E-40D6-84BE-F188B373A2C2}.Debug|Any CPU.ActiveCfg = Debug|Any CPU
		{A3B5FA8D-B62E-40D6-84BE-F188B373A2C2}.Debug|Any CPU.Build.0 = Debug|Any CPU
		{A3B5FA8D-B62E-40D6-84BE-F188B373A2C2}.Release|Any CPU.ActiveCfg = Release|Any CPU
		{A3B5FA8D-B62E-40D6-84BE-F188B373A2C2}.Release|Any CPU.Build.0 = Release|Any CPU
		{EF53A140-FF4F-439F-A3ED-ADC2E74D2FCB}.Debug|Any CPU.ActiveCfg = Debug|Any CPU
		{EF53A140-FF4F-439F-A3ED-ADC2E74D2FCB}.Debug|Any CPU.Build.0 = Debug|Any CPU
		{EF53A140-FF4F-439F-A3ED-ADC2E74D2FCB}.Release|Any CPU.ActiveCfg = Release|Any CPU
		{EF53A140-FF4F-439F-A3ED-ADC2E74D2FCB}.Release|Any CPU.Build.0 = Release|Any CPU
		{E6CE934A-4EF9-4379-8D44-7686C3B11951}.Debug|Any CPU.ActiveCfg = Debug|Any CPU
		{E6CE934A-4EF9-4379-8D44-7686C3B11951}.Debug|Any CPU.Build.0 = Debug|Any CPU
		{E6CE934A-4EF9-4379-8D44-7686C3B11951}.Release|Any CPU.ActiveCfg = Release|Any CPU
		{E6CE934A-4EF9-4379-8D44-7686C3B11951}.Release|Any CPU.Build.0 = Release|Any CPU
		{ECB4239E-ECF2-458A-AFD0-719C392350CA}.Debug|Any CPU.ActiveCfg = Debug|Any CPU
		{ECB4239E-ECF2-458A-AFD0-719C392350CA}.Debug|Any CPU.Build.0 = Debug|Any CPU
		{ECB4239E-ECF2-458A-AFD0-719C392350CA}.Release|Any CPU.ActiveCfg = Release|Any CPU
		{ECB4239E-ECF2-458A-AFD0-719C392350CA}.Release|Any CPU.Build.0 = Release|Any CPU
		{EEDE0CC7-F699-4386-A7BA-4D4A8BE19888}.Debug|Any CPU.ActiveCfg = Debug|Any CPU
		{EEDE0CC7-F699-4386-A7BA-4D4A8BE19888}.Debug|Any CPU.Build.0 = Debug|Any CPU
		{EEDE0CC7-F699-4386-A7BA-4D4A8BE19888}.Release|Any CPU.ActiveCfg = Release|Any CPU
		{EEDE0CC7-F699-4386-A7BA-4D4A8BE19888}.Release|Any CPU.Build.0 = Release|Any CPU
		{389EFD36-241C-4506-9222-24B15FBC5064}.Debug|Any CPU.ActiveCfg = Debug|Any CPU
		{389EFD36-241C-4506-9222-24B15FBC5064}.Debug|Any CPU.Build.0 = Debug|Any CPU
		{389EFD36-241C-4506-9222-24B15FBC5064}.Release|Any CPU.ActiveCfg = Release|Any CPU
		{389EFD36-241C-4506-9222-24B15FBC5064}.Release|Any CPU.Build.0 = Release|Any CPU
		{3A5AC17F-E184-4C18-880A-78553DAA780F}.Debug|Any CPU.ActiveCfg = Debug|Any CPU
		{3A5AC17F-E184-4C18-880A-78553DAA780F}.Debug|Any CPU.Build.0 = Debug|Any CPU
		{3A5AC17F-E184-4C18-880A-78553DAA780F}.Release|Any CPU.ActiveCfg = Release|Any CPU
		{3A5AC17F-E184-4C18-880A-78553DAA780F}.Release|Any CPU.Build.0 = Release|Any CPU
		{BDC2EACA-D2FC-4F20-BE67-67A2B9C9B0DE}.Debug|Any CPU.ActiveCfg = Debug|Any CPU
		{BDC2EACA-D2FC-4F20-BE67-67A2B9C9B0DE}.Debug|Any CPU.Build.0 = Debug|Any CPU
		{BDC2EACA-D2FC-4F20-BE67-67A2B9C9B0DE}.Release|Any CPU.ActiveCfg = Release|Any CPU
		{BDC2EACA-D2FC-4F20-BE67-67A2B9C9B0DE}.Release|Any CPU.Build.0 = Release|Any CPU
		{EEE1F205-4CE8-49F4-B545-C527542F85A3}.Debug|Any CPU.ActiveCfg = Debug|Any CPU
		{EEE1F205-4CE8-49F4-B545-C527542F85A3}.Debug|Any CPU.Build.0 = Debug|Any CPU
		{EEE1F205-4CE8-49F4-B545-C527542F85A3}.Release|Any CPU.ActiveCfg = Release|Any CPU
		{EEE1F205-4CE8-49F4-B545-C527542F85A3}.Release|Any CPU.Build.0 = Release|Any CPU
		{035F2045-660A-4D0E-A0A9-CBBBBED295D9}.Debug|Any CPU.ActiveCfg = Debug|Any CPU
		{035F2045-660A-4D0E-A0A9-CBBBBED295D9}.Debug|Any CPU.Build.0 = Debug|Any CPU
		{035F2045-660A-4D0E-A0A9-CBBBBED295D9}.Release|Any CPU.ActiveCfg = Release|Any CPU
		{035F2045-660A-4D0E-A0A9-CBBBBED295D9}.Release|Any CPU.Build.0 = Release|Any CPU
		{A9D4ADFD-FA28-4C80-B143-31B0CE541FEF}.Debug|Any CPU.ActiveCfg = Debug|Any CPU
		{A9D4ADFD-FA28-4C80-B143-31B0CE541FEF}.Debug|Any CPU.Build.0 = Debug|Any CPU
		{A9D4ADFD-FA28-4C80-B143-31B0CE541FEF}.Release|Any CPU.ActiveCfg = Release|Any CPU
		{A9D4ADFD-FA28-4C80-B143-31B0CE541FEF}.Release|Any CPU.Build.0 = Release|Any CPU
		{A9251D07-95A0-435C-BBC5-5DFE91F2AA15}.Debug|Any CPU.ActiveCfg = Debug|Any CPU
		{A9251D07-95A0-435C-BBC5-5DFE91F2AA15}.Debug|Any CPU.Build.0 = Debug|Any CPU
		{A9251D07-95A0-435C-BBC5-5DFE91F2AA15}.Release|Any CPU.ActiveCfg = Release|Any CPU
		{A9251D07-95A0-435C-BBC5-5DFE91F2AA15}.Release|Any CPU.Build.0 = Release|Any CPU
		{DE7B37A3-1D7F-4015-B23D-5D6AF7C6314E}.Debug|Any CPU.ActiveCfg = Debug|Any CPU
		{DE7B37A3-1D7F-4015-B23D-5D6AF7C6314E}.Debug|Any CPU.Build.0 = Debug|Any CPU
		{DE7B37A3-1D7F-4015-B23D-5D6AF7C6314E}.Release|Any CPU.ActiveCfg = Release|Any CPU
		{DE7B37A3-1D7F-4015-B23D-5D6AF7C6314E}.Release|Any CPU.Build.0 = Release|Any CPU
		{583A5932-896E-4C0E-B9F1-9E261ADEF248}.Debug|Any CPU.ActiveCfg = Debug|Any CPU
		{583A5932-896E-4C0E-B9F1-9E261ADEF248}.Debug|Any CPU.Build.0 = Debug|Any CPU
		{583A5932-896E-4C0E-B9F1-9E261ADEF248}.Release|Any CPU.ActiveCfg = Release|Any CPU
		{583A5932-896E-4C0E-B9F1-9E261ADEF248}.Release|Any CPU.Build.0 = Release|Any CPU
		{F30151DE-1C60-4C73-98EF-7A977E6ED41B}.Debug|Any CPU.ActiveCfg = Debug|Any CPU
		{F30151DE-1C60-4C73-98EF-7A977E6ED41B}.Debug|Any CPU.Build.0 = Debug|Any CPU
		{F30151DE-1C60-4C73-98EF-7A977E6ED41B}.Release|Any CPU.ActiveCfg = Release|Any CPU
		{F30151DE-1C60-4C73-98EF-7A977E6ED41B}.Release|Any CPU.Build.0 = Release|Any CPU
		{51927619-AFF6-4325-9172-A3B6DB5B7569}.Debug|Any CPU.ActiveCfg = Debug|Any CPU
		{51927619-AFF6-4325-9172-A3B6DB5B7569}.Debug|Any CPU.Build.0 = Debug|Any CPU
		{51927619-AFF6-4325-9172-A3B6DB5B7569}.Release|Any CPU.ActiveCfg = Release|Any CPU
		{51927619-AFF6-4325-9172-A3B6DB5B7569}.Release|Any CPU.Build.0 = Release|Any CPU
		{CCD36951-F0A6-46A3-A2AA-42E57C6F95A6}.Debug|Any CPU.ActiveCfg = Debug|Any CPU
		{CCD36951-F0A6-46A3-A2AA-42E57C6F95A6}.Debug|Any CPU.Build.0 = Debug|Any CPU
		{CCD36951-F0A6-46A3-A2AA-42E57C6F95A6}.Release|Any CPU.ActiveCfg = Release|Any CPU
		{CCD36951-F0A6-46A3-A2AA-42E57C6F95A6}.Release|Any CPU.Build.0 = Release|Any CPU
		{E1016878-7BFF-45CB-AD77-94DEBFE27C1E}.Debug|Any CPU.ActiveCfg = Debug|Any CPU
		{E1016878-7BFF-45CB-AD77-94DEBFE27C1E}.Debug|Any CPU.Build.0 = Debug|Any CPU
		{E1016878-7BFF-45CB-AD77-94DEBFE27C1E}.Release|Any CPU.ActiveCfg = Release|Any CPU
		{E1016878-7BFF-45CB-AD77-94DEBFE27C1E}.Release|Any CPU.Build.0 = Release|Any CPU
		{5E829EE4-9677-4D2C-A890-4812FD9165D1}.Debug|Any CPU.ActiveCfg = Debug|Any CPU
		{5E829EE4-9677-4D2C-A890-4812FD9165D1}.Debug|Any CPU.Build.0 = Debug|Any CPU
		{5E829EE4-9677-4D2C-A890-4812FD9165D1}.Release|Any CPU.ActiveCfg = Release|Any CPU
		{5E829EE4-9677-4D2C-A890-4812FD9165D1}.Release|Any CPU.Build.0 = Release|Any CPU
		{F3254751-ACD2-4124-9D3D-6DFBBAC780B2}.Debug|Any CPU.ActiveCfg = Debug|Any CPU
		{F3254751-ACD2-4124-9D3D-6DFBBAC780B2}.Debug|Any CPU.Build.0 = Debug|Any CPU
		{F3254751-ACD2-4124-9D3D-6DFBBAC780B2}.Release|Any CPU.ActiveCfg = Release|Any CPU
		{F3254751-ACD2-4124-9D3D-6DFBBAC780B2}.Release|Any CPU.Build.0 = Release|Any CPU
		{B1AF21A5-D547-4CD9-B8EF-F5FA92AAD425}.Debug|Any CPU.ActiveCfg = Debug|Any CPU
		{B1AF21A5-D547-4CD9-B8EF-F5FA92AAD425}.Debug|Any CPU.Build.0 = Debug|Any CPU
		{B1AF21A5-D547-4CD9-B8EF-F5FA92AAD425}.Release|Any CPU.ActiveCfg = Release|Any CPU
		{B1AF21A5-D547-4CD9-B8EF-F5FA92AAD425}.Release|Any CPU.Build.0 = Release|Any CPU
		{192FEC52-08EB-4920-95EE-CD51FC106A0C}.Debug|Any CPU.ActiveCfg = Debug|Any CPU
		{192FEC52-08EB-4920-95EE-CD51FC106A0C}.Debug|Any CPU.Build.0 = Debug|Any CPU
		{192FEC52-08EB-4920-95EE-CD51FC106A0C}.Release|Any CPU.ActiveCfg = Release|Any CPU
		{192FEC52-08EB-4920-95EE-CD51FC106A0C}.Release|Any CPU.Build.0 = Release|Any CPU
		{8A54FC84-D835-4081-AA59-0845CBBFE82D}.Debug|Any CPU.ActiveCfg = Debug|Any CPU
		{8A54FC84-D835-4081-AA59-0845CBBFE82D}.Debug|Any CPU.Build.0 = Debug|Any CPU
		{8A54FC84-D835-4081-AA59-0845CBBFE82D}.Release|Any CPU.ActiveCfg = Release|Any CPU
		{8A54FC84-D835-4081-AA59-0845CBBFE82D}.Release|Any CPU.Build.0 = Release|Any CPU
	EndGlobalSection
	GlobalSection(SolutionProperties) = preSolution
		HideSolutionNode = FALSE
	EndGlobalSection
	GlobalSection(ExtensibilityGlobals) = postSolution
		SolutionGuid = {80FB1204-D4A9-42C3-B735-E116F1A8DBC9}
	EndGlobalSection
EndGlobal
